PODS:
  - FBSnapshotTestCase/Core (2.1.4)
  - MMCollapsibleLabel (0.1.0)

DEPENDENCIES:
  - FBSnapshotTestCase/Core
  - MMCollapsibleLabel (from `../`)

SPEC REPOS:
  trunk:
    - FBSnapshotTestCase

EXTERNAL SOURCES:
  MMCollapsibleLabel:
    :path: "../"

SPEC CHECKSUMS:
  FBSnapshotTestCase: 094f9f314decbabe373b87cc339bea235a63e07a
  MMCollapsibleLabel: 839f643031fa4ff9007afa06f8565b2ce436f5d5

PODFILE CHECKSUM: 402237af966e35f514f8e78d8732a2eda59caffe

COCOAPODS: 1.11.3
